// !$*UTF8*$!
{
	archiveVersion = 1;
	classes = {
	};
	objectVersion = 46;
	objects = {
/* Begin PBXBuildFile section */
		0207DA581B56EA530066E2B4 /* Images.xcassets in Resources */ = {isa = PBXBuildFile; fileRef = 0207DA571B56EA530066E2B4 /* Images.xcassets */; };
		1D3623260D0F684500981E51 /* AppDelegate.m in Sources */ = {isa = PBXBuildFile; fileRef = 1D3623250D0F684500981E51 /* AppDelegate.m */; };
		1D60589B0D05DD56006BFB54 /* main.m in Sources */ = {isa = PBXBuildFile; fileRef = 29B97316FDCFA39411CA2CEA /* main.m */; };
		301BF552109A68D80062928A /* libCordova.a in Frameworks */ = {isa = PBXBuildFile; fileRef = 301BF535109A57CC0062928A /* libCordova.a */; };
		302D95F114D2391D003F00A1 /* MainViewController.m in Sources */ = {isa = PBXBuildFile; fileRef = 302D95EF14D2391D003F00A1 /* MainViewController.m */; };
		302D95F214D2391D003F00A1 /* MainViewController.xib in Resources */ = {isa = PBXBuildFile; fileRef = 302D95F014D2391D003F00A1 /* MainViewController.xib */; };
		3047A5121AB8059700498E2A /* build-debug.xcconfig in Resources */ = {isa = PBXBuildFile; fileRef = 3047A50F1AB8059700498E2A /* build-debug.xcconfig */; };
		3047A5131AB8059700498E2A /* build-release.xcconfig in Resources */ = {isa = PBXBuildFile; fileRef = 3047A5101AB8059700498E2A /* build-release.xcconfig */; };
		3047A5141AB8059700498E2A /* build.xcconfig in Resources */ = {isa = PBXBuildFile; fileRef = 3047A5111AB8059700498E2A /* build.xcconfig */; };
		6AFF5BF91D6E424B00AB3073 /* CDVLaunchScreen.storyboard in Resources */ = {isa = PBXBuildFile; fileRef = 6AFF5BF81D6E424B00AB3073 /* CDVLaunchScreen.storyboard */; };
		3E97117CEE81429EB96331E7 /* AppDelegate+notification.m in Sources */ = {isa = PBXBuildFile; fileRef = A4DACFEFCD4D45C2AD9CDF3A /* AppDelegate+notification.m */; };
		CBBD60AA0B324460A8232F27 /* PushPlugin.m in Sources */ = {isa = PBXBuildFile; fileRef = 546B36934CB84B90B63904B8 /* PushPlugin.m */; };
		B909445BD34A48A990FF8712 /* libGGLCloudMessaging.a in Frameworks */ = {isa = PBXBuildFile; fileRef = 48619B1582C84CE8BFDCC0F0 /* libGGLCloudMessaging.a */; };
		0A4F5CEBA90E458984BE4807 /* libGGLCore.a in Frameworks */ = {isa = PBXBuildFile; fileRef = 17653F5721144977B0767400 /* libGGLCore.a */; };
		36BB314A12A74DC6B97E9C65 /* libGGLInstanceIDLib.a in Frameworks */ = {isa = PBXBuildFile; fileRef = 0344E00DDF594F8285D83220 /* libGGLInstanceIDLib.a */; };
		01E4ABAE2D4B467C988F6711 /* libGIP_Reachability.a in Frameworks */ = {isa = PBXBuildFile; fileRef = A6999D5B8B3B4EF89D5975B9 /* libGIP_Reachability.a */; };
		582442CE3EA140FD89EA3867 /* libGSDK_Overload.a in Frameworks */ = {isa = PBXBuildFile; fileRef = 506A2DDF2CB649D99CBF23D3 /* libGSDK_Overload.a */; };
		4A4AEC98353944F18F511277 /* libGTMSessionFetcher_core.a in Frameworks */ = {isa = PBXBuildFile; fileRef = E4069F0D2554438EB0BEB69C /* libGTMSessionFetcher_core.a */; };
		5506949A80014DDEAF0526BC /* libGTMSessionFetcher_full.a in Frameworks */ = {isa = PBXBuildFile; fileRef = 1AC017C6BAFE4DE490358D80 /* libGTMSessionFetcher_full.a */; };
		4851A66447664815994114E1 /* libGTMStackTrace.a in Frameworks */ = {isa = PBXBuildFile; fileRef = 5FD500856D9C4A5AAC0551DD /* libGTMStackTrace.a */; };
		130263A3DA01443CAF760595 /* libGTM_AddressBook.a in Frameworks */ = {isa = PBXBuildFile; fileRef = 6637F90959B84EEF93617F2E /* libGTM_AddressBook.a */; };
		041491EB67A54FCF86F7EF78 /* libGTM_DebugUtils.a in Frameworks */ = {isa = PBXBuildFile; fileRef = F8F45219EFE34866AB80B176 /* libGTM_DebugUtils.a */; };
		9D7AE2BB015B47438AF97F5E /* libGTM_GTMURLBuilder.a in Frameworks */ = {isa = PBXBuildFile; fileRef = 9D0D09EBEC364DAEA6444E5B /* libGTM_GTMURLBuilder.a */; };
		9A2B27D6F2954D24A40CA61E /* libGTM_KVO.a in Frameworks */ = {isa = PBXBuildFile; fileRef = 62259FA8A2EA413B9C1C6755 /* libGTM_KVO.a */; };
		59E76DC3E70E48279B472AF5 /* libGTM_NSData+zlib.a in Frameworks */ = {isa = PBXBuildFile; fileRef = DF00AAD700D846F3B32ED5C0 /* libGTM_NSData+zlib.a */; };
		086397C3D95D4A1298B337E0 /* libGTM_NSDictionary+URLArguments.a in Frameworks */ = {isa = PBXBuildFile; fileRef = 3A68647C483146F28AF4FCBC /* libGTM_NSDictionary+URLArguments.a */; };
		E788ED86394A4519B3BE2548 /* libGTM_NSScannerJSON.a in Frameworks */ = {isa = PBXBuildFile; fileRef = 64AD19611C854B18B63273C3 /* libGTM_NSScannerJSON.a */; };
		73482E4309254283A15E4456 /* libGTM_NSStringHTML.a in Frameworks */ = {isa = PBXBuildFile; fileRef = FD43CA4EB1AA45649DAE33DE /* libGTM_NSStringHTML.a */; };
		F636550F0EEB4A088AE05479 /* libGTM_NSStringXML.a in Frameworks */ = {isa = PBXBuildFile; fileRef = 6F025330F40747C5BF4014B8 /* libGTM_NSStringXML.a */; };
		95B197114A2B49659A506E39 /* libGTM_Regex.a in Frameworks */ = {isa = PBXBuildFile; fileRef = 869DBA4DEC964762BC06829A /* libGTM_Regex.a */; };
		25C3AF9360A845CA8DE86DC3 /* libGTM_RoundedRectPath.a in Frameworks */ = {isa = PBXBuildFile; fileRef = 005D4693BD1E42B797E38307 /* libGTM_RoundedRectPath.a */; };
		4A6ADD26543C4A3CB8881E7F /* libGTM_StringEncoding.a in Frameworks */ = {isa = PBXBuildFile; fileRef = 13985967D7CD4552A192F57A /* libGTM_StringEncoding.a */; };
		50D3861B9A02468596C55EAE /* libGTM_SystemVersion.a in Frameworks */ = {isa = PBXBuildFile; fileRef = FE762083979842499D4513DD /* libGTM_SystemVersion.a */; };
		7C9EB8C7298745FFB8917246 /* libGTM_UIFont+LineHeight.a in Frameworks */ = {isa = PBXBuildFile; fileRef = 29693C73442E468BB74909A7 /* libGTM_UIFont+LineHeight.a */; };
		A1AF2808F7BD47F8BE7F6FB0 /* libGTM_core.a in Frameworks */ = {isa = PBXBuildFile; fileRef = 4A0AD581694242D88B7692B6 /* libGTM_core.a */; };
		1DF2D49694FE4C26A3873EB1 /* libGTM_iPhone.a in Frameworks */ = {isa = PBXBuildFile; fileRef = 87196473695C41D6BBCD9636 /* libGTM_iPhone.a */; };
		5CCF2B8929854655B3ED6D4A /* libGcmLib.a in Frameworks */ = {isa = PBXBuildFile; fileRef = 1C39E5C678D54F3A8E276CFA /* libGcmLib.a */; };
		D132BFC81A4E41AC86CC6C84 /* libProtocolBuffers.a in Frameworks */ = {isa = PBXBuildFile; fileRef = 2EEA6BEF391A45DAB792C211 /* libProtocolBuffers.a */; };
		D74C7CF32FB04313B12CD93A /* AddressBook.framework in Frameworks */ = {isa = PBXBuildFile; fileRef = A5E595D9B6DD405099A40BA9 /* AddressBook.framework */; };
		62F0E71E39004315AD0D8FD8 /* libsqlite3.tbd in Frameworks */ = {isa = PBXBuildFile; fileRef = CB061538663948498DBBD0C4 /* libsqlite3.tbd */; };
		BA01A8B9E7DE4F73BA2F83BC /* libz.tbd in Frameworks */ = {isa = PBXBuildFile; fileRef = AA065F24481D43FEB9DF25C2 /* libz.tbd */; };
		96ACFE43C625495A98925F32 /* CDVDevice.m in Sources */ = {isa = PBXBuildFile; fileRef = 6082A507E1284A09940EFE6B /* CDVDevice.m */; };
		21958F027B28421C8DA9C08C /* CDVNotification.m in Sources */ = {isa = PBXBuildFile; fileRef = 777A6F20DA284D9CA792686B /* CDVNotification.m */; };
		6A06B928DE2B47C289A1687E /* CDVNotification.bundle in Resources */ = {isa = PBXBuildFile; fileRef = 90EB2780F2D24AD18990CEF0 /* CDVNotification.bundle */; };
		84A5DF4B970E4FDF82E89815 /* AudioToolbox.framework in Frameworks */ = {isa = PBXBuildFile; fileRef = 9152D5CACB97498C9CE30A39 /* AudioToolbox.framework */; settings = {ATTRIBUTES = (Weak, ); }; };
		08751E7CA864440BB3FF3A5A /* CDVInAppBrowser.m in Sources */ = {isa = PBXBuildFile; fileRef = 1FFEEB48A4E74DD38859C0FA /* CDVInAppBrowser.m */; };
		E3485B379E744CF5AE3B8F39 /* CDVConnection.m in Sources */ = {isa = PBXBuildFile; fileRef = 69CC956934F642F8BA136BA2 /* CDVConnection.m */; };
		D4DAA72752A5424C91FEEA4B /* CDVReachability.m in Sources */ = {isa = PBXBuildFile; fileRef = 3E056C30C093423784AA13AC /* CDVReachability.m */; };
		89928189EC2248048B321506 /* SystemConfiguration.framework in Frameworks */ = {isa = PBXBuildFile; fileRef = C443D0B7251341F79E5EDFA9 /* SystemConfiguration.framework */; settings = {ATTRIBUTES = (Weak, ); }; };
		C639466A39F2410390648B9A /* CoreTelephony.framework in Frameworks */ = {isa = PBXBuildFile; fileRef = D644C3352D214F6CB31F7726 /* CoreTelephony.framework */; };
		DF8C5B4B229D4EE9BD234881 /* CDVStatusBar.m in Sources */ = {isa = PBXBuildFile; fileRef = E1E4A081EDCD4D66BCED249B /* CDVStatusBar.m */; };
		59393E1A1AA54E0A80C15EEF /* CDVContacts.m in Sources */ = {isa = PBXBuildFile; fileRef = 96F1A145DF0C4B828C5CC92E /* CDVContacts.m */; };
		6046DFE57B734292B6931F99 /* CDVContact.m in Sources */ = {isa = PBXBuildFile; fileRef = 0D140C781C6144B9917606D1 /* CDVContact.m */; };
		2727F33B366A4435B329B2FF /* AddressBookUI.framework in Frameworks */ = {isa = PBXBuildFile; fileRef = C1B3BD6027914409A72A8D19 /* AddressBookUI.framework */; settings = {ATTRIBUTES = (Weak, ); }; };
/* End PBXBuildFile section */

/* Begin PBXContainerItemProxy section */
		301BF534109A57CC0062928A /* PBXContainerItemProxy */ = {
			isa = PBXContainerItemProxy;
			containerPortal = 301BF52D109A57CC0062928A /* CordovaLib.xcodeproj */;
			proxyType = 2;
			remoteGlobalIDString = D2AAC07E0554694100DB518D;
			remoteInfo = CordovaLib;
		};
		301BF550109A68C00062928A /* PBXContainerItemProxy */ = {
			isa = PBXContainerItemProxy;
			containerPortal = 301BF52D109A57CC0062928A /* CordovaLib.xcodeproj */;
			proxyType = 1;
			remoteGlobalIDString = D2AAC07D0554694100DB518D;
			remoteInfo = CordovaLib;
		};
/* End PBXContainerItemProxy section */

/* Begin PBXFileReference section */
		0207DA571B56EA530066E2B4 /* Images.xcassets */ = {isa = PBXFileReference; lastKnownFileType = folder.assetcatalog; name = Images.xcassets; path = "Ciminelli Casa/Images.xcassets"; sourceTree = SOURCE_ROOT; };
		1D3623240D0F684500981E51 /* AppDelegate.h */ = {isa = PBXFileReference; fileEncoding = 4; lastKnownFileType = sourcecode.c.h; path = AppDelegate.h; sourceTree = "<group>"; };
		1D3623250D0F684500981E51 /* AppDelegate.m */ = {isa = PBXFileReference; fileEncoding = 4; lastKnownFileType = sourcecode.c.objc; path = AppDelegate.m; sourceTree = "<group>"; };
		1D6058910D05DD3D006BFB54 /* Ciminelli Casa.app */ = {isa = PBXFileReference; explicitFileType = wrapper.application; includeInIndex = 0; path = "Ciminelli Casa.app"; sourceTree = BUILT_PRODUCTS_DIR; };
		29B97316FDCFA39411CA2CEA /* main.m */ = {isa = PBXFileReference; fileEncoding = 4; lastKnownFileType = sourcecode.c.objc; path = main.m; sourceTree = "<group>"; };
		301BF52D109A57CC0062928A /* CordovaLib.xcodeproj */ = {isa = PBXFileReference; lastKnownFileType = "wrapper.pb-project"; name = CordovaLib.xcodeproj; path = CordovaLib/CordovaLib.xcodeproj; sourceTree = "<group>"; };
		301BF56E109A69640062928A /* www */ = {isa = PBXFileReference; lastKnownFileType = folder; path = www; sourceTree = SOURCE_ROOT; };
		302D95EE14D2391D003F00A1 /* MainViewController.h */ = {isa = PBXFileReference; fileEncoding = 4; lastKnownFileType = sourcecode.c.h; path = MainViewController.h; sourceTree = "<group>"; };
		302D95EF14D2391D003F00A1 /* MainViewController.m */ = {isa = PBXFileReference; fileEncoding = 4; lastKnownFileType = sourcecode.c.objc; path = MainViewController.m; sourceTree = "<group>"; };
		302D95F014D2391D003F00A1 /* MainViewController.xib */ = {isa = PBXFileReference; fileEncoding = 4; lastKnownFileType = file.xib; path = MainViewController.xib; sourceTree = "<group>"; };
		3047A50F1AB8059700498E2A /* build-debug.xcconfig */ = {isa = PBXFileReference; fileEncoding = 4; lastKnownFileType = text.xcconfig; name = "build-debug.xcconfig"; path = cordova/build-debug.xcconfig; sourceTree = SOURCE_ROOT; };
		3047A5101AB8059700498E2A /* build-release.xcconfig */ = {isa = PBXFileReference; fileEncoding = 4; lastKnownFileType = text.xcconfig; name = "build-release.xcconfig"; path = cordova/build-release.xcconfig; sourceTree = SOURCE_ROOT; };
		3047A5111AB8059700498E2A /* build.xcconfig */ = {isa = PBXFileReference; fileEncoding = 4; lastKnownFileType = text.xcconfig; name = build.xcconfig; path = cordova/build.xcconfig; sourceTree = SOURCE_ROOT; };
		32CA4F630368D1EE00C91783 /* Ciminelli Casa-Prefix.pch */ = {isa = PBXFileReference; fileEncoding = 4; lastKnownFileType = sourcecode.c.h; path = "Ciminelli Casa-Prefix.pch"; sourceTree = "<group>"; };
		6AFF5BF81D6E424B00AB3073 /* CDVLaunchScreen.storyboard */ = {isa = PBXFileReference; fileEncoding = 4; lastKnownFileType = file.storyboard; name = CDVLaunchScreen.storyboard; path = "Ciminelli Casa/CDVLaunchScreen.storyboard"; sourceTree = SOURCE_ROOT; };
		8D1107310486CEB800E47090 /* Ciminelli Casa-Info.plist */ = {isa = PBXFileReference; fileEncoding = 4; lastKnownFileType = text.plist.xml; name = "Ciminelli Casa-Info.plist"; path = "Ciminelli Casa/Ciminelli Casa-Info.plist"; plistStructureDefinitionIdentifier = "com.apple.xcode.plist.structure-definition.iphone.info-plist"; sourceTree = SOURCE_ROOT; };
		EB87FDF31871DA8E0020F90C /* www */ = {isa = PBXFileReference; lastKnownFileType = folder; name = www; path = ../../www; sourceTree = "<group>"; };
		EB87FDF41871DAF40020F90C /* config.xml */ = {isa = PBXFileReference; lastKnownFileType = text.xml; name = config.xml; path = ../../config.xml; sourceTree = "<group>"; };
		F840E1F0165FE0F500CFE078 /* config.xml */ = {isa = PBXFileReference; lastKnownFileType = text.xml; name = config.xml; path = "Ciminelli Casa/config.xml"; sourceTree = "<group>"; };
		ED33DF2A687741AEAF9F8254 /* Bridging-Header.h */ = {isa = PBXFileReference; fileEncoding = 4; lastKnownFileType = sourcecode.c.h; name = "Bridging-Header.h"; path = "Bridging-Header.h"; sourceTree = "<group>"; };
		A4DACFEFCD4D45C2AD9CDF3A /* AppDelegate+notification.m */ = {isa = PBXFileReference; name = "AppDelegate+notification.m"; path = "phonegap-plugin-push/AppDelegate+notification.m"; sourceTree = "<group>"; fileEncoding = 4; lastKnownFileType = sourcecode.c.objc; explicitFileType = undefined; includeInIndex = 0; };
		546B36934CB84B90B63904B8 /* PushPlugin.m */ = {isa = PBXFileReference; name = "PushPlugin.m"; path = "phonegap-plugin-push/PushPlugin.m"; sourceTree = "<group>"; fileEncoding = 4; lastKnownFileType = sourcecode.c.objc; explicitFileType = undefined; includeInIndex = 0; };
		48619B1582C84CE8BFDCC0F0 /* libGGLCloudMessaging.a */ = {isa = PBXFileReference; name = "libGGLCloudMessaging.a"; path = "Ciminelli Casa/Plugins/phonegap-plugin-push/GCM/Libraries/libGGLCloudMessaging.a"; sourceTree = "<group>"; fileEncoding = undefined; lastKnownFileType = archive.ar; explicitFileType = undefined; includeInIndex = 0; };
		17653F5721144977B0767400 /* libGGLCore.a */ = {isa = PBXFileReference; name = "libGGLCore.a"; path = "Ciminelli Casa/Plugins/phonegap-plugin-push/GCM/Libraries/libGGLCore.a"; sourceTree = "<group>"; fileEncoding = undefined; lastKnownFileType = archive.ar; explicitFileType = undefined; includeInIndex = 0; };
		0344E00DDF594F8285D83220 /* libGGLInstanceIDLib.a */ = {isa = PBXFileReference; name = "libGGLInstanceIDLib.a"; path = "Ciminelli Casa/Plugins/phonegap-plugin-push/GCM/Libraries/libGGLInstanceIDLib.a"; sourceTree = "<group>"; fileEncoding = undefined; lastKnownFileType = archive.ar; explicitFileType = undefined; includeInIndex = 0; };
		A6999D5B8B3B4EF89D5975B9 /* libGIP_Reachability.a */ = {isa = PBXFileReference; name = "libGIP_Reachability.a"; path = "Ciminelli Casa/Plugins/phonegap-plugin-push/GCM/Libraries/libGIP_Reachability.a"; sourceTree = "<group>"; fileEncoding = undefined; lastKnownFileType = archive.ar; explicitFileType = undefined; includeInIndex = 0; };
		506A2DDF2CB649D99CBF23D3 /* libGSDK_Overload.a */ = {isa = PBXFileReference; name = "libGSDK_Overload.a"; path = "Ciminelli Casa/Plugins/phonegap-plugin-push/GCM/Libraries/libGSDK_Overload.a"; sourceTree = "<group>"; fileEncoding = undefined; lastKnownFileType = archive.ar; explicitFileType = undefined; includeInIndex = 0; };
		E4069F0D2554438EB0BEB69C /* libGTMSessionFetcher_core.a */ = {isa = PBXFileReference; name = "libGTMSessionFetcher_core.a"; path = "Ciminelli Casa/Plugins/phonegap-plugin-push/GCM/Libraries/libGTMSessionFetcher_core.a"; sourceTree = "<group>"; fileEncoding = undefined; lastKnownFileType = archive.ar; explicitFileType = undefined; includeInIndex = 0; };
		1AC017C6BAFE4DE490358D80 /* libGTMSessionFetcher_full.a */ = {isa = PBXFileReference; name = "libGTMSessionFetcher_full.a"; path = "Ciminelli Casa/Plugins/phonegap-plugin-push/GCM/Libraries/libGTMSessionFetcher_full.a"; sourceTree = "<group>"; fileEncoding = undefined; lastKnownFileType = archive.ar; explicitFileType = undefined; includeInIndex = 0; };
		5FD500856D9C4A5AAC0551DD /* libGTMStackTrace.a */ = {isa = PBXFileReference; name = "libGTMStackTrace.a"; path = "Ciminelli Casa/Plugins/phonegap-plugin-push/GCM/Libraries/libGTMStackTrace.a"; sourceTree = "<group>"; fileEncoding = undefined; lastKnownFileType = archive.ar; explicitFileType = undefined; includeInIndex = 0; };
		6637F90959B84EEF93617F2E /* libGTM_AddressBook.a */ = {isa = PBXFileReference; name = "libGTM_AddressBook.a"; path = "Ciminelli Casa/Plugins/phonegap-plugin-push/GCM/Libraries/libGTM_AddressBook.a"; sourceTree = "<group>"; fileEncoding = undefined; lastKnownFileType = archive.ar; explicitFileType = undefined; includeInIndex = 0; };
		F8F45219EFE34866AB80B176 /* libGTM_DebugUtils.a */ = {isa = PBXFileReference; name = "libGTM_DebugUtils.a"; path = "Ciminelli Casa/Plugins/phonegap-plugin-push/GCM/Libraries/libGTM_DebugUtils.a"; sourceTree = "<group>"; fileEncoding = undefined; lastKnownFileType = archive.ar; explicitFileType = undefined; includeInIndex = 0; };
		9D0D09EBEC364DAEA6444E5B /* libGTM_GTMURLBuilder.a */ = {isa = PBXFileReference; name = "libGTM_GTMURLBuilder.a"; path = "Ciminelli Casa/Plugins/phonegap-plugin-push/GCM/Libraries/libGTM_GTMURLBuilder.a"; sourceTree = "<group>"; fileEncoding = undefined; lastKnownFileType = archive.ar; explicitFileType = undefined; includeInIndex = 0; };
		62259FA8A2EA413B9C1C6755 /* libGTM_KVO.a */ = {isa = PBXFileReference; name = "libGTM_KVO.a"; path = "Ciminelli Casa/Plugins/phonegap-plugin-push/GCM/Libraries/libGTM_KVO.a"; sourceTree = "<group>"; fileEncoding = undefined; lastKnownFileType = archive.ar; explicitFileType = undefined; includeInIndex = 0; };
		DF00AAD700D846F3B32ED5C0 /* libGTM_NSData+zlib.a */ = {isa = PBXFileReference; name = "libGTM_NSData+zlib.a"; path = "Ciminelli Casa/Plugins/phonegap-plugin-push/GCM/Libraries/libGTM_NSData+zlib.a"; sourceTree = "<group>"; fileEncoding = undefined; lastKnownFileType = archive.ar; explicitFileType = undefined; includeInIndex = 0; };
		3A68647C483146F28AF4FCBC /* libGTM_NSDictionary+URLArguments.a */ = {isa = PBXFileReference; name = "libGTM_NSDictionary+URLArguments.a"; path = "Ciminelli Casa/Plugins/phonegap-plugin-push/GCM/Libraries/libGTM_NSDictionary+URLArguments.a"; sourceTree = "<group>"; fileEncoding = undefined; lastKnownFileType = archive.ar; explicitFileType = undefined; includeInIndex = 0; };
		64AD19611C854B18B63273C3 /* libGTM_NSScannerJSON.a */ = {isa = PBXFileReference; name = "libGTM_NSScannerJSON.a"; path = "Ciminelli Casa/Plugins/phonegap-plugin-push/GCM/Libraries/libGTM_NSScannerJSON.a"; sourceTree = "<group>"; fileEncoding = undefined; lastKnownFileType = archive.ar; explicitFileType = undefined; includeInIndex = 0; };
		FD43CA4EB1AA45649DAE33DE /* libGTM_NSStringHTML.a */ = {isa = PBXFileReference; name = "libGTM_NSStringHTML.a"; path = "Ciminelli Casa/Plugins/phonegap-plugin-push/GCM/Libraries/libGTM_NSStringHTML.a"; sourceTree = "<group>"; fileEncoding = undefined; lastKnownFileType = archive.ar; explicitFileType = undefined; includeInIndex = 0; };
		6F025330F40747C5BF4014B8 /* libGTM_NSStringXML.a */ = {isa = PBXFileReference; name = "libGTM_NSStringXML.a"; path = "Ciminelli Casa/Plugins/phonegap-plugin-push/GCM/Libraries/libGTM_NSStringXML.a"; sourceTree = "<group>"; fileEncoding = undefined; lastKnownFileType = archive.ar; explicitFileType = undefined; includeInIndex = 0; };
		869DBA4DEC964762BC06829A /* libGTM_Regex.a */ = {isa = PBXFileReference; name = "libGTM_Regex.a"; path = "Ciminelli Casa/Plugins/phonegap-plugin-push/GCM/Libraries/libGTM_Regex.a"; sourceTree = "<group>"; fileEncoding = undefined; lastKnownFileType = archive.ar; explicitFileType = undefined; includeInIndex = 0; };
		005D4693BD1E42B797E38307 /* libGTM_RoundedRectPath.a */ = {isa = PBXFileReference; name = "libGTM_RoundedRectPath.a"; path = "Ciminelli Casa/Plugins/phonegap-plugin-push/GCM/Libraries/libGTM_RoundedRectPath.a"; sourceTree = "<group>"; fileEncoding = undefined; lastKnownFileType = archive.ar; explicitFileType = undefined; includeInIndex = 0; };
		13985967D7CD4552A192F57A /* libGTM_StringEncoding.a */ = {isa = PBXFileReference; name = "libGTM_StringEncoding.a"; path = "Ciminelli Casa/Plugins/phonegap-plugin-push/GCM/Libraries/libGTM_StringEncoding.a"; sourceTree = "<group>"; fileEncoding = undefined; lastKnownFileType = archive.ar; explicitFileType = undefined; includeInIndex = 0; };
		FE762083979842499D4513DD /* libGTM_SystemVersion.a */ = {isa = PBXFileReference; name = "libGTM_SystemVersion.a"; path = "Ciminelli Casa/Plugins/phonegap-plugin-push/GCM/Libraries/libGTM_SystemVersion.a"; sourceTree = "<group>"; fileEncoding = undefined; lastKnownFileType = archive.ar; explicitFileType = undefined; includeInIndex = 0; };
		29693C73442E468BB74909A7 /* libGTM_UIFont+LineHeight.a */ = {isa = PBXFileReference; name = "libGTM_UIFont+LineHeight.a"; path = "Ciminelli Casa/Plugins/phonegap-plugin-push/GCM/Libraries/libGTM_UIFont+LineHeight.a"; sourceTree = "<group>"; fileEncoding = undefined; lastKnownFileType = archive.ar; explicitFileType = undefined; includeInIndex = 0; };
		4A0AD581694242D88B7692B6 /* libGTM_core.a */ = {isa = PBXFileReference; name = "libGTM_core.a"; path = "Ciminelli Casa/Plugins/phonegap-plugin-push/GCM/Libraries/libGTM_core.a"; sourceTree = "<group>"; fileEncoding = undefined; lastKnownFileType = archive.ar; explicitFileType = undefined; includeInIndex = 0; };
		87196473695C41D6BBCD9636 /* libGTM_iPhone.a */ = {isa = PBXFileReference; name = "libGTM_iPhone.a"; path = "Ciminelli Casa/Plugins/phonegap-plugin-push/GCM/Libraries/libGTM_iPhone.a"; sourceTree = "<group>"; fileEncoding = undefined; lastKnownFileType = archive.ar; explicitFileType = undefined; includeInIndex = 0; };
		1C39E5C678D54F3A8E276CFA /* libGcmLib.a */ = {isa = PBXFileReference; name = "libGcmLib.a"; path = "Ciminelli Casa/Plugins/phonegap-plugin-push/GCM/Libraries/libGcmLib.a"; sourceTree = "<group>"; fileEncoding = undefined; lastKnownFileType = archive.ar; explicitFileType = undefined; includeInIndex = 0; };
		2EEA6BEF391A45DAB792C211 /* libProtocolBuffers.a */ = {isa = PBXFileReference; name = "libProtocolBuffers.a"; path = "Ciminelli Casa/Plugins/phonegap-plugin-push/GCM/Libraries/libProtocolBuffers.a"; sourceTree = "<group>"; fileEncoding = undefined; lastKnownFileType = archive.ar; explicitFileType = undefined; includeInIndex = 0; };
		2277ADCD0F5745E4AFB16FF5 /* AppDelegate+notification.h */ = {isa = PBXFileReference; name = "AppDelegate+notification.h"; path = "phonegap-plugin-push/AppDelegate+notification.h"; sourceTree = "<group>"; fileEncoding = 4; lastKnownFileType = sourcecode.c.h; explicitFileType = undefined; includeInIndex = 0; };
		607D42EC2AB047FDA350619F /* PushPlugin.h */ = {isa = PBXFileReference; name = "PushPlugin.h"; path = "phonegap-plugin-push/PushPlugin.h"; sourceTree = "<group>"; fileEncoding = 4; lastKnownFileType = sourcecode.c.h; explicitFileType = undefined; includeInIndex = 0; };
		81EF94D2E0E54B7D9523487C /* GGLInstanceID.h */ = {isa = PBXFileReference; name = "GGLInstanceID.h"; path = "phonegap-plugin-push/GCM/Headers/GGLInstanceID.h"; sourceTree = "<group>"; fileEncoding = 4; lastKnownFileType = sourcecode.c.h; explicitFileType = undefined; includeInIndex = 0; };
		5C9AD007B4044620BE6D4D7C /* GGLInstanceIDConfig.h */ = {isa = PBXFileReference; name = "GGLInstanceIDConfig.h"; path = "phonegap-plugin-push/GCM/Headers/GGLInstanceIDConfig.h"; sourceTree = "<group>"; fileEncoding = 4; lastKnownFileType = sourcecode.c.h; explicitFileType = undefined; includeInIndex = 0; };
		B1FC0D8EA83C42618357F6DA /* GGLInstanceIDDelegate.h */ = {isa = PBXFileReference; name = "GGLInstanceIDDelegate.h"; path = "phonegap-plugin-push/GCM/Headers/GGLInstanceIDDelegate.h"; sourceTree = "<group>"; fileEncoding = 4; lastKnownFileType = sourcecode.c.h; explicitFileType = undefined; includeInIndex = 0; };
		0C84ECACDB394EECAD3473D2 /* GGLInstanceIDHeaders.h */ = {isa = PBXFileReference; name = "GGLInstanceIDHeaders.h"; path = "phonegap-plugin-push/GCM/Headers/GGLInstanceIDHeaders.h"; sourceTree = "<group>"; fileEncoding = 4; lastKnownFileType = sourcecode.c.h; explicitFileType = undefined; includeInIndex = 0; };
		65AC1FA78527479CB7D2BD95 /* CloudMessaging.h */ = {isa = PBXFileReference; name = "CloudMessaging.h"; path = "phonegap-plugin-push/GCM/Headers/CloudMessaging.h"; sourceTree = "<group>"; fileEncoding = 4; lastKnownFileType = sourcecode.c.h; explicitFileType = undefined; includeInIndex = 0; };
		CE0EC391387742E29F1035BA /* GGLContext+CloudMessaging.h */ = {isa = PBXFileReference; name = "GGLContext+CloudMessaging.h"; path = "phonegap-plugin-push/GCM/Headers/GGLContext+CloudMessaging.h"; sourceTree = "<group>"; fileEncoding = 4; lastKnownFileType = sourcecode.c.h; explicitFileType = undefined; includeInIndex = 0; };
		C597F447346E45AE93BB8D1B /* Core.h */ = {isa = PBXFileReference; name = "Core.h"; path = "phonegap-plugin-push/GCM/Headers/Core.h"; sourceTree = "<group>"; fileEncoding = 4; lastKnownFileType = sourcecode.c.h; explicitFileType = undefined; includeInIndex = 0; };
		4E2C2DA220DC4B33AB34A5B2 /* GGLConfiguration.h */ = {isa = PBXFileReference; name = "GGLConfiguration.h"; path = "phonegap-plugin-push/GCM/Headers/GGLConfiguration.h"; sourceTree = "<group>"; fileEncoding = 4; lastKnownFileType = sourcecode.c.h; explicitFileType = undefined; includeInIndex = 0; };
		910E34EFFB6545FA832EA7C4 /* GGLContext.h */ = {isa = PBXFileReference; name = "GGLContext.h"; path = "phonegap-plugin-push/GCM/Headers/GGLContext.h"; sourceTree = "<group>"; fileEncoding = 4; lastKnownFileType = sourcecode.c.h; explicitFileType = undefined; includeInIndex = 0; };
		BE7A28644B15459E9A720142 /* GGLErrorCode.h */ = {isa = PBXFileReference; name = "GGLErrorCode.h"; path = "phonegap-plugin-push/GCM/Headers/GGLErrorCode.h"; sourceTree = "<group>"; fileEncoding = 4; lastKnownFileType = sourcecode.c.h; explicitFileType = undefined; includeInIndex = 0; };
		929710169DC54C3CB86C1A38 /* GCMConfig.h */ = {isa = PBXFileReference; name = "GCMConfig.h"; path = "phonegap-plugin-push/GCM/Headers/GCMConfig.h"; sourceTree = "<group>"; fileEncoding = 4; lastKnownFileType = sourcecode.c.h; explicitFileType = undefined; includeInIndex = 0; };
		F90B0B2D80064794819C024F /* GCMPubSub.h */ = {isa = PBXFileReference; name = "GCMPubSub.h"; path = "phonegap-plugin-push/GCM/Headers/GCMPubSub.h"; sourceTree = "<group>"; fileEncoding = 4; lastKnownFileType = sourcecode.c.h; explicitFileType = undefined; includeInIndex = 0; };
		4E44640A92C149D297925DDD /* GCMReceiverDelegate.h */ = {isa = PBXFileReference; name = "GCMReceiverDelegate.h"; path = "phonegap-plugin-push/GCM/Headers/GCMReceiverDelegate.h"; sourceTree = "<group>"; fileEncoding = 4; lastKnownFileType = sourcecode.c.h; explicitFileType = undefined; includeInIndex = 0; };
		FB26DA023A8241CABACCD368 /* GCMService.h */ = {isa = PBXFileReference; name = "GCMService.h"; path = "phonegap-plugin-push/GCM/Headers/GCMService.h"; sourceTree = "<group>"; fileEncoding = 4; lastKnownFileType = sourcecode.c.h; explicitFileType = undefined; includeInIndex = 0; };
		319430FE7FE845E2BBD3BC59 /* GoogleCloudMessaging.h */ = {isa = PBXFileReference; name = "GoogleCloudMessaging.h"; path = "phonegap-plugin-push/GCM/Headers/GoogleCloudMessaging.h"; sourceTree = "<group>"; fileEncoding = 4; lastKnownFileType = sourcecode.c.h; explicitFileType = undefined; includeInIndex = 0; };
		A5E595D9B6DD405099A40BA9 /* AddressBook.framework */ = {isa = PBXFileReference; name = "AddressBook.framework"; path = "System/Library/Frameworks/AddressBook.framework"; sourceTree = SDKROOT; fileEncoding = undefined; lastKnownFileType = wrapper.framework; explicitFileType = undefined; includeInIndex = 0; };
		CB061538663948498DBBD0C4 /* libsqlite3.tbd */ = {isa = PBXFileReference; name = "libsqlite3.tbd"; path = "usr/lib/libsqlite3.tbd"; sourceTree = SDKROOT; fileEncoding = undefined; lastKnownFileType = sourcecode.text-based-dylib-definition; explicitFileType = undefined; includeInIndex = 0; };
		AA065F24481D43FEB9DF25C2 /* libz.tbd */ = {isa = PBXFileReference; name = "libz.tbd"; path = "usr/lib/libz.tbd"; sourceTree = SDKROOT; fileEncoding = undefined; lastKnownFileType = sourcecode.text-based-dylib-definition; explicitFileType = undefined; includeInIndex = 0; };
		6082A507E1284A09940EFE6B /* CDVDevice.m */ = {isa = PBXFileReference; name = "CDVDevice.m"; path = "cordova-plugin-device/CDVDevice.m"; sourceTree = "<group>"; fileEncoding = 4; lastKnownFileType = sourcecode.c.objc; explicitFileType = undefined; includeInIndex = 0; };
		B15A0A3B3DA34E219C816F2E /* CDVDevice.h */ = {isa = PBXFileReference; name = "CDVDevice.h"; path = "cordova-plugin-device/CDVDevice.h"; sourceTree = "<group>"; fileEncoding = 4; lastKnownFileType = sourcecode.c.h; explicitFileType = undefined; includeInIndex = 0; };
		777A6F20DA284D9CA792686B /* CDVNotification.m */ = {isa = PBXFileReference; name = "CDVNotification.m"; path = "cordova-plugin-dialogs/CDVNotification.m"; sourceTree = "<group>"; fileEncoding = 4; lastKnownFileType = sourcecode.c.objc; explicitFileType = undefined; includeInIndex = 0; };
		91A4471CA17B4BAA9D5D90AB /* CDVNotification.h */ = {isa = PBXFileReference; name = "CDVNotification.h"; path = "cordova-plugin-dialogs/CDVNotification.h"; sourceTree = "<group>"; fileEncoding = 4; lastKnownFileType = sourcecode.c.h; explicitFileType = undefined; includeInIndex = 0; };
		90EB2780F2D24AD18990CEF0 /* CDVNotification.bundle */ = {isa = PBXFileReference; name = "CDVNotification.bundle"; path = "CDVNotification.bundle"; sourceTree = "<group>"; fileEncoding = undefined; lastKnownFileType = wrapper.plug-in; explicitFileType = undefined; includeInIndex = 0; };
		9152D5CACB97498C9CE30A39 /* AudioToolbox.framework */ = {isa = PBXFileReference; name = "AudioToolbox.framework"; path = "System/Library/Frameworks/AudioToolbox.framework"; sourceTree = SDKROOT; fileEncoding = undefined; lastKnownFileType = wrapper.framework; explicitFileType = undefined; includeInIndex = 0; };
		1FFEEB48A4E74DD38859C0FA /* CDVInAppBrowser.m */ = {isa = PBXFileReference; name = "CDVInAppBrowser.m"; path = "cordova-plugin-inappbrowser/CDVInAppBrowser.m"; sourceTree = "<group>"; fileEncoding = 4; lastKnownFileType = sourcecode.c.objc; explicitFileType = undefined; includeInIndex = 0; };
		65C0B4BFC0F7406AB88851AE /* CDVInAppBrowser.h */ = {isa = PBXFileReference; name = "CDVInAppBrowser.h"; path = "cordova-plugin-inappbrowser/CDVInAppBrowser.h"; sourceTree = "<group>"; fileEncoding = 4; lastKnownFileType = sourcecode.c.h; explicitFileType = undefined; includeInIndex = 0; };
		69CC956934F642F8BA136BA2 /* CDVConnection.m */ = {isa = PBXFileReference; name = "CDVConnection.m"; path = "cordova-plugin-network-information/CDVConnection.m"; sourceTree = "<group>"; fileEncoding = 4; lastKnownFileType = sourcecode.c.objc; explicitFileType = undefined; includeInIndex = 0; };
		3E056C30C093423784AA13AC /* CDVReachability.m */ = {isa = PBXFileReference; name = "CDVReachability.m"; path = "cordova-plugin-network-information/CDVReachability.m"; sourceTree = "<group>"; fileEncoding = 4; lastKnownFileType = sourcecode.c.objc; explicitFileType = undefined; includeInIndex = 0; };
		10A1B87E2B354EA791B0B740 /* CDVConnection.h */ = {isa = PBXFileReference; name = "CDVConnection.h"; path = "cordova-plugin-network-information/CDVConnection.h"; sourceTree = "<group>"; fileEncoding = 4; lastKnownFileType = sourcecode.c.h; explicitFileType = undefined; includeInIndex = 0; };
		7EF020B1C18E4C209EFB53B8 /* CDVReachability.h */ = {isa = PBXFileReference; name = "CDVReachability.h"; path = "cordova-plugin-network-information/CDVReachability.h"; sourceTree = "<group>"; fileEncoding = 4; lastKnownFileType = sourcecode.c.h; explicitFileType = undefined; includeInIndex = 0; };
		C443D0B7251341F79E5EDFA9 /* SystemConfiguration.framework */ = {isa = PBXFileReference; name = "SystemConfiguration.framework"; path = "System/Library/Frameworks/SystemConfiguration.framework"; sourceTree = SDKROOT; fileEncoding = undefined; lastKnownFileType = wrapper.framework; explicitFileType = undefined; includeInIndex = 0; };
		D644C3352D214F6CB31F7726 /* CoreTelephony.framework */ = {isa = PBXFileReference; name = "CoreTelephony.framework"; path = "System/Library/Frameworks/CoreTelephony.framework"; sourceTree = SDKROOT; fileEncoding = undefined; lastKnownFileType = wrapper.framework; explicitFileType = undefined; includeInIndex = 0; };
		E1E4A081EDCD4D66BCED249B /* CDVStatusBar.m */ = {isa = PBXFileReference; name = "CDVStatusBar.m"; path = "cordova-plugin-statusbar/CDVStatusBar.m"; sourceTree = "<group>"; fileEncoding = 4; lastKnownFileType = sourcecode.c.objc; explicitFileType = undefined; includeInIndex = 0; };
		0855D9700C5F41AD8906E88B /* CDVStatusBar.h */ = {isa = PBXFileReference; name = "CDVStatusBar.h"; path = "cordova-plugin-statusbar/CDVStatusBar.h"; sourceTree = "<group>"; fileEncoding = 4; lastKnownFileType = sourcecode.c.h; explicitFileType = undefined; includeInIndex = 0; };
		96F1A145DF0C4B828C5CC92E /* CDVContacts.m */ = {isa = PBXFileReference; name = "CDVContacts.m"; path = "cordova-plugin-contacts/CDVContacts.m"; sourceTree = "<group>"; fileEncoding = 4; lastKnownFileType = sourcecode.c.objc; explicitFileType = undefined; includeInIndex = 0; };
		0D140C781C6144B9917606D1 /* CDVContact.m */ = {isa = PBXFileReference; name = "CDVContact.m"; path = "cordova-plugin-contacts/CDVContact.m"; sourceTree = "<group>"; fileEncoding = 4; lastKnownFileType = sourcecode.c.objc; explicitFileType = undefined; includeInIndex = 0; };
		E21F29CD90CA4A1DACFD4AEA /* CDVContacts.h */ = {isa = PBXFileReference; name = "CDVContacts.h"; path = "cordova-plugin-contacts/CDVContacts.h"; sourceTree = "<group>"; fileEncoding = 4; lastKnownFileType = sourcecode.c.h; explicitFileType = undefined; includeInIndex = 0; };
		40A260F7221445ECA5945486 /* CDVContact.h */ = {isa = PBXFileReference; name = "CDVContact.h"; path = "cordova-plugin-contacts/CDVContact.h"; sourceTree = "<group>"; fileEncoding = 4; lastKnownFileType = sourcecode.c.h; explicitFileType = undefined; includeInIndex = 0; };
		C1B3BD6027914409A72A8D19 /* AddressBookUI.framework */ = {isa = PBXFileReference; name = "AddressBookUI.framework"; path = "System/Library/Frameworks/AddressBookUI.framework"; sourceTree = SDKROOT; fileEncoding = undefined; lastKnownFileType = wrapper.framework; explicitFileType = undefined; includeInIndex = 0; };
/* End PBXFileReference section */

/* Begin PBXFrameworksBuildPhase section */
		1D60588F0D05DD3D006BFB54 /* Frameworks */ = {
			isa = PBXFrameworksBuildPhase;
			buildActionMask = 2147483647;
			files = (
				301BF552109A68D80062928A /* libCordova.a in Frameworks */,
				B909445BD34A48A990FF8712 /* libGGLCloudMessaging.a in Frameworks */,
				0A4F5CEBA90E458984BE4807 /* libGGLCore.a in Frameworks */,
				36BB314A12A74DC6B97E9C65 /* libGGLInstanceIDLib.a in Frameworks */,
				01E4ABAE2D4B467C988F6711 /* libGIP_Reachability.a in Frameworks */,
				582442CE3EA140FD89EA3867 /* libGSDK_Overload.a in Frameworks */,
				4A4AEC98353944F18F511277 /* libGTMSessionFetcher_core.a in Frameworks */,
				5506949A80014DDEAF0526BC /* libGTMSessionFetcher_full.a in Frameworks */,
				4851A66447664815994114E1 /* libGTMStackTrace.a in Frameworks */,
				130263A3DA01443CAF760595 /* libGTM_AddressBook.a in Frameworks */,
				041491EB67A54FCF86F7EF78 /* libGTM_DebugUtils.a in Frameworks */,
				9D7AE2BB015B47438AF97F5E /* libGTM_GTMURLBuilder.a in Frameworks */,
				9A2B27D6F2954D24A40CA61E /* libGTM_KVO.a in Frameworks */,
				59E76DC3E70E48279B472AF5 /* libGTM_NSData+zlib.a in Frameworks */,
				086397C3D95D4A1298B337E0 /* libGTM_NSDictionary+URLArguments.a in Frameworks */,
				E788ED86394A4519B3BE2548 /* libGTM_NSScannerJSON.a in Frameworks */,
				73482E4309254283A15E4456 /* libGTM_NSStringHTML.a in Frameworks */,
				F636550F0EEB4A088AE05479 /* libGTM_NSStringXML.a in Frameworks */,
				95B197114A2B49659A506E39 /* libGTM_Regex.a in Frameworks */,
				25C3AF9360A845CA8DE86DC3 /* libGTM_RoundedRectPath.a in Frameworks */,
				4A6ADD26543C4A3CB8881E7F /* libGTM_StringEncoding.a in Frameworks */,
				50D3861B9A02468596C55EAE /* libGTM_SystemVersion.a in Frameworks */,
				7C9EB8C7298745FFB8917246 /* libGTM_UIFont+LineHeight.a in Frameworks */,
				A1AF2808F7BD47F8BE7F6FB0 /* libGTM_core.a in Frameworks */,
				1DF2D49694FE4C26A3873EB1 /* libGTM_iPhone.a in Frameworks */,
				5CCF2B8929854655B3ED6D4A /* libGcmLib.a in Frameworks */,
				D132BFC81A4E41AC86CC6C84 /* libProtocolBuffers.a in Frameworks */,
				D74C7CF32FB04313B12CD93A /* AddressBook.framework in Frameworks */,
				62F0E71E39004315AD0D8FD8 /* libsqlite3.tbd in Frameworks */,
				BA01A8B9E7DE4F73BA2F83BC /* libz.tbd in Frameworks */,
				84A5DF4B970E4FDF82E89815 /* AudioToolbox.framework in Frameworks */,
				89928189EC2248048B321506 /* SystemConfiguration.framework in Frameworks */,
				C639466A39F2410390648B9A /* CoreTelephony.framework in Frameworks */,
				2727F33B366A4435B329B2FF /* AddressBookUI.framework in Frameworks */,
			);
			runOnlyForDeploymentPostprocessing = 0;
		};
/* End PBXFrameworksBuildPhase section */

/* Begin PBXGroup section */
		080E96DDFE201D6D7F000001 /* Classes */ = {
			isa = PBXGroup;
			children = (
				302D95EE14D2391D003F00A1 /* MainViewController.h */,
				302D95EF14D2391D003F00A1 /* MainViewController.m */,
				302D95F014D2391D003F00A1 /* MainViewController.xib */,
				1D3623240D0F684500981E51 /* AppDelegate.h */,
				1D3623250D0F684500981E51 /* AppDelegate.m */,
			);
			name = Classes;
			path = "Ciminelli Casa/Classes";
			sourceTree = SOURCE_ROOT;
		};
		19C28FACFE9D520D11CA2CBB /* Products */ = {
			isa = PBXGroup;
			children = (
				1D6058910D05DD3D006BFB54 /* Ciminelli Casa.app */,
			);
			name = Products;
			sourceTree = "<group>";
		};
		29B97314FDCFA39411CA2CEA /* CustomTemplate */ = {
			isa = PBXGroup;
			children = (
				EB87FDF41871DAF40020F90C /* config.xml */,
				EB87FDF31871DA8E0020F90C /* www */,
				EB87FDF11871DA420020F90C /* Staging */,
				301BF52D109A57CC0062928A /* CordovaLib.xcodeproj */,
				080E96DDFE201D6D7F000001 /* Classes */,
				307C750510C5A3420062BCA9 /* Plugins */,
				29B97315FDCFA39411CA2CEA /* Other Sources */,
				29B97317FDCFA39411CA2CEA /* Resources */,
				29B97323FDCFA39411CA2CEA /* Frameworks */,
				19C28FACFE9D520D11CA2CBB /* Products */,
			);
			name = CustomTemplate;
			sourceTree = "<group>";
		};
		29B97315FDCFA39411CA2CEA /* Other Sources */ = {
			isa = PBXGroup;
			children = (
				32CA4F630368D1EE00C91783 /* Ciminelli Casa-Prefix.pch */,
				29B97316FDCFA39411CA2CEA /* main.m */,
				ED33DF2A687741AEAF9F8254 /* Bridging-Header.h */,
			);
			name = "Other Sources";
			path = "Ciminelli Casa";
			sourceTree = "<group>";
		};
		29B97317FDCFA39411CA2CEA /* Resources */ = {
			isa = PBXGroup;
			children = (
				0207DA571B56EA530066E2B4 /* Images.xcassets */,
				3047A50E1AB8057F00498E2A /* config */,
				8D1107310486CEB800E47090 /* Ciminelli Casa-Info.plist */,
				6AFF5BF81D6E424B00AB3073 /* CDVLaunchScreen.storyboard */,
				90EB2780F2D24AD18990CEF0 /* CDVNotification.bundle */,
			);
			name = Resources;
			path = "Ciminelli Casa/Resources";
			sourceTree = "<group>";
		};
		29B97323FDCFA39411CA2CEA /* Frameworks */ = {
			isa = PBXGroup;
			children = (
				48619B1582C84CE8BFDCC0F0 /* libGGLCloudMessaging.a */,
				17653F5721144977B0767400 /* libGGLCore.a */,
				0344E00DDF594F8285D83220 /* libGGLInstanceIDLib.a */,
				A6999D5B8B3B4EF89D5975B9 /* libGIP_Reachability.a */,
				506A2DDF2CB649D99CBF23D3 /* libGSDK_Overload.a */,
				E4069F0D2554438EB0BEB69C /* libGTMSessionFetcher_core.a */,
				1AC017C6BAFE4DE490358D80 /* libGTMSessionFetcher_full.a */,
				5FD500856D9C4A5AAC0551DD /* libGTMStackTrace.a */,
				6637F90959B84EEF93617F2E /* libGTM_AddressBook.a */,
				F8F45219EFE34866AB80B176 /* libGTM_DebugUtils.a */,
				9D0D09EBEC364DAEA6444E5B /* libGTM_GTMURLBuilder.a */,
				62259FA8A2EA413B9C1C6755 /* libGTM_KVO.a */,
				DF00AAD700D846F3B32ED5C0 /* libGTM_NSData+zlib.a */,
				3A68647C483146F28AF4FCBC /* libGTM_NSDictionary+URLArguments.a */,
				64AD19611C854B18B63273C3 /* libGTM_NSScannerJSON.a */,
				FD43CA4EB1AA45649DAE33DE /* libGTM_NSStringHTML.a */,
				6F025330F40747C5BF4014B8 /* libGTM_NSStringXML.a */,
				869DBA4DEC964762BC06829A /* libGTM_Regex.a */,
				005D4693BD1E42B797E38307 /* libGTM_RoundedRectPath.a */,
				13985967D7CD4552A192F57A /* libGTM_StringEncoding.a */,
				FE762083979842499D4513DD /* libGTM_SystemVersion.a */,
				29693C73442E468BB74909A7 /* libGTM_UIFont+LineHeight.a */,
				4A0AD581694242D88B7692B6 /* libGTM_core.a */,
				87196473695C41D6BBCD9636 /* libGTM_iPhone.a */,
				1C39E5C678D54F3A8E276CFA /* libGcmLib.a */,
				2EEA6BEF391A45DAB792C211 /* libProtocolBuffers.a */,
				A5E595D9B6DD405099A40BA9 /* AddressBook.framework */,
				CB061538663948498DBBD0C4 /* libsqlite3.tbd */,
				AA065F24481D43FEB9DF25C2 /* libz.tbd */,
				9152D5CACB97498C9CE30A39 /* AudioToolbox.framework */,
				C443D0B7251341F79E5EDFA9 /* SystemConfiguration.framework */,
				D644C3352D214F6CB31F7726 /* CoreTelephony.framework */,
				C1B3BD6027914409A72A8D19 /* AddressBookUI.framework */,
			);
			name = Frameworks;
			sourceTree = "<group>";
		};
		301BF52E109A57CC0062928A /* Products */ = {
			isa = PBXGroup;
			children = (
				301BF535109A57CC0062928A /* libCordova.a */,
			);
			name = Products;
			sourceTree = "<group>";
		};
		3047A50E1AB8057F00498E2A /* config */ = {
			isa = PBXGroup;
			children = (
				3047A50F1AB8059700498E2A /* build-debug.xcconfig */,
				3047A5101AB8059700498E2A /* build-release.xcconfig */,
				3047A5111AB8059700498E2A /* build.xcconfig */,
			);
			name = config;
			sourceTree = "<group>";
		};
		307C750510C5A3420062BCA9 /* Plugins */ = {
			isa = PBXGroup;
			children = (
				A4DACFEFCD4D45C2AD9CDF3A /* AppDelegate+notification.m */,
				546B36934CB84B90B63904B8 /* PushPlugin.m */,
				2277ADCD0F5745E4AFB16FF5 /* AppDelegate+notification.h */,
				607D42EC2AB047FDA350619F /* PushPlugin.h */,
				81EF94D2E0E54B7D9523487C /* GGLInstanceID.h */,
				5C9AD007B4044620BE6D4D7C /* GGLInstanceIDConfig.h */,
				B1FC0D8EA83C42618357F6DA /* GGLInstanceIDDelegate.h */,
				0C84ECACDB394EECAD3473D2 /* GGLInstanceIDHeaders.h */,
				65AC1FA78527479CB7D2BD95 /* CloudMessaging.h */,
				CE0EC391387742E29F1035BA /* GGLContext+CloudMessaging.h */,
				C597F447346E45AE93BB8D1B /* Core.h */,
				4E2C2DA220DC4B33AB34A5B2 /* GGLConfiguration.h */,
				910E34EFFB6545FA832EA7C4 /* GGLContext.h */,
				BE7A28644B15459E9A720142 /* GGLErrorCode.h */,
				929710169DC54C3CB86C1A38 /* GCMConfig.h */,
				F90B0B2D80064794819C024F /* GCMPubSub.h */,
				4E44640A92C149D297925DDD /* GCMReceiverDelegate.h */,
				FB26DA023A8241CABACCD368 /* GCMService.h */,
				319430FE7FE845E2BBD3BC59 /* GoogleCloudMessaging.h */,
				6082A507E1284A09940EFE6B /* CDVDevice.m */,
				B15A0A3B3DA34E219C816F2E /* CDVDevice.h */,
				777A6F20DA284D9CA792686B /* CDVNotification.m */,
				91A4471CA17B4BAA9D5D90AB /* CDVNotification.h */,
				1FFEEB48A4E74DD38859C0FA /* CDVInAppBrowser.m */,
				65C0B4BFC0F7406AB88851AE /* CDVInAppBrowser.h */,
				69CC956934F642F8BA136BA2 /* CDVConnection.m */,
				3E056C30C093423784AA13AC /* CDVReachability.m */,
				10A1B87E2B354EA791B0B740 /* CDVConnection.h */,
				7EF020B1C18E4C209EFB53B8 /* CDVReachability.h */,
				E1E4A081EDCD4D66BCED249B /* CDVStatusBar.m */,
				0855D9700C5F41AD8906E88B /* CDVStatusBar.h */,
				96F1A145DF0C4B828C5CC92E /* CDVContacts.m */,
				0D140C781C6144B9917606D1 /* CDVContact.m */,
				E21F29CD90CA4A1DACFD4AEA /* CDVContacts.h */,
				40A260F7221445ECA5945486 /* CDVContact.h */,
			);
			name = Plugins;
			path = "Ciminelli Casa/Plugins";
			sourceTree = SOURCE_ROOT;
		};
		EB87FDF11871DA420020F90C /* Staging */ = {
			isa = PBXGroup;
			children = (
				F840E1F0165FE0F500CFE078 /* config.xml */,
				301BF56E109A69640062928A /* www */,
			);
			name = Staging;
			sourceTree = "<group>";
		};
/* End PBXGroup section */

/* Begin PBXNativeTarget section */
		1D6058900D05DD3D006BFB54 /* Ciminelli Casa */ = {
			isa = PBXNativeTarget;
			buildConfigurationList = 1D6058960D05DD3E006BFB54 /* Build configuration list for PBXNativeTarget "Ciminelli Casa" */;
			buildPhases = (
				304B58A110DAC018002A0835 /* Copy www directory */,
				1D60588D0D05DD3D006BFB54 /* Resources */,
				1D60588E0D05DD3D006BFB54 /* Sources */,
				1D60588F0D05DD3D006BFB54 /* Frameworks */,
			);
			buildRules = (
			);
			dependencies = (
				301BF551109A68C00062928A /* PBXTargetDependency */,
			);
			name = "Ciminelli Casa";
			productName = "Ciminelli Casa";
			productReference = 1D6058910D05DD3D006BFB54 /* Ciminelli Casa.app */;
			productType = "com.apple.product-type.application";
		};
/* End PBXNativeTarget section */

/* Begin PBXProject section */
		29B97313FDCFA39411CA2CEA /* Project object */ = {
			isa = PBXProject;
			attributes = {
				LastUpgradeCheck = 510;
			};
			buildConfigurationList = C01FCF4E08A954540054247B /* Build configuration list for PBXProject "__NON-CLI__" */;
			compatibilityVersion = "Xcode 3.2";
			developmentRegion = English;
			hasScannedForEncodings = 1;
			mainGroup = 29B97314FDCFA39411CA2CEA /* CustomTemplate */;
			projectDirPath = "";
			projectReferences = (
				{
					ProductGroup = 301BF52E109A57CC0062928A /* Products */;
					ProjectRef = 301BF52D109A57CC0062928A /* CordovaLib.xcodeproj */;
				},
			);
			projectRoot = "";
			targets = (
				1D6058900D05DD3D006BFB54 /* Ciminelli Casa */,
			);
		};
/* End PBXProject section */

/* Begin PBXReferenceProxy section */
		301BF535109A57CC0062928A /* libCordova.a */ = {
			isa = PBXReferenceProxy;
			fileType = archive.ar;
			path = libCordova.a;
			remoteRef = 301BF534109A57CC0062928A /* PBXContainerItemProxy */;
			sourceTree = BUILT_PRODUCTS_DIR;
		};
/* End PBXReferenceProxy section */

/* Begin PBXResourcesBuildPhase section */
		1D60588D0D05DD3D006BFB54 /* Resources */ = {
			isa = PBXResourcesBuildPhase;
			buildActionMask = 2147483647;
			files = (
				302D95F214D2391D003F00A1 /* MainViewController.xib in Resources */,
				0207DA581B56EA530066E2B4 /* Images.xcassets in Resources */,
				6AFF5BF91D6E424B00AB3073 /* CDVLaunchScreen.storyboard in Resources */,
				6A06B928DE2B47C289A1687E /* CDVNotification.bundle in Resources */,
			);
			runOnlyForDeploymentPostprocessing = 0;
		};
/* End PBXResourcesBuildPhase section */

/* Begin PBXShellScriptBuildPhase section */
		304B58A110DAC018002A0835 /* Copy www directory */ = {
			isa = PBXShellScriptBuildPhase;
			buildActionMask = 2147483647;
			files = (
			);
			inputPaths = (
			);
			name = "Copy www directory";
			outputPaths = (
			);
			runOnlyForDeploymentPostprocessing = 0;
			shellPath = /bin/sh;
			shellScript = "NODEJS_PATH=/usr/local/bin; NVM_NODE_PATH=~/.nvm/versions/node/`nvm version 2>/dev/null`/bin; N_NODE_PATH=`find /usr/local/n/versions/node/* -maxdepth 0 -type d 2>/dev/null | tail -1`/bin; XCODE_NODE_PATH=`xcode-select --print-path`/usr/share/xcs/Node/bin; PATH=$NODEJS_PATH:$NVM_NODE_PATH:$N_NODE_PATH:$XCODE_NODE_PATH:$PATH && node cordova/lib/copy-www-build-step.js";
			showEnvVarsInLog = 0;
		};
/* End PBXShellScriptBuildPhase section */

/* Begin PBXSourcesBuildPhase section */
		1D60588E0D05DD3D006BFB54 /* Sources */ = {
			isa = PBXSourcesBuildPhase;
			buildActionMask = 2147483647;
			files = (
				1D60589B0D05DD56006BFB54 /* main.m in Sources */,
				1D3623260D0F684500981E51 /* AppDelegate.m in Sources */,
				302D95F114D2391D003F00A1 /* MainViewController.m in Sources */,
				3E97117CEE81429EB96331E7 /* AppDelegate+notification.m in Sources */,
				CBBD60AA0B324460A8232F27 /* PushPlugin.m in Sources */,
				96ACFE43C625495A98925F32 /* CDVDevice.m in Sources */,
				21958F027B28421C8DA9C08C /* CDVNotification.m in Sources */,
				08751E7CA864440BB3FF3A5A /* CDVInAppBrowser.m in Sources */,
				E3485B379E744CF5AE3B8F39 /* CDVConnection.m in Sources */,
				D4DAA72752A5424C91FEEA4B /* CDVReachability.m in Sources */,
				DF8C5B4B229D4EE9BD234881 /* CDVStatusBar.m in Sources */,
				59393E1A1AA54E0A80C15EEF /* CDVContacts.m in Sources */,
				6046DFE57B734292B6931F99 /* CDVContact.m in Sources */,
			);
			runOnlyForDeploymentPostprocessing = 0;
		};
/* End PBXSourcesBuildPhase section */

/* Begin PBXTargetDependency section */
		301BF551109A68C00062928A /* PBXTargetDependency */ = {
			isa = PBXTargetDependency;
			name = CordovaLib;
			targetProxy = 301BF550109A68C00062928A /* PBXContainerItemProxy */;
		};
/* End PBXTargetDependency section */

/* Begin XCBuildConfiguration section */
		1D6058940D05DD3E006BFB54 /* Debug */ = {
			isa = XCBuildConfiguration;
			baseConfigurationReference = 3047A50F1AB8059700498E2A /* build-debug.xcconfig */;
			buildSettings = {
				ALWAYS_SEARCH_USER_PATHS = NO;
				ASSETCATALOG_COMPILER_APPICON_NAME = AppIcon;
				ASSETCATALOG_COMPILER_LAUNCHIMAGE_NAME = LaunchImage;
				CLANG_ENABLE_MODULES = YES;
				CLANG_ENABLE_OBJC_ARC = YES;
				COPY_PHASE_STRIP = NO;
				GCC_DYNAMIC_NO_PIC = NO;
				GCC_OPTIMIZATION_LEVEL = 0;
				GCC_PRECOMPILE_PREFIX_HEADER = YES;
				GCC_PREFIX_HEADER = "Ciminelli Casa/Ciminelli Casa-Prefix.pch";
				GCC_THUMB_SUPPORT = NO;
				GCC_VERSION = "";
				INFOPLIST_FILE = "Ciminelli Casa/Ciminelli Casa-Info.plist";
				IPHONEOS_DEPLOYMENT_TARGET = 8.0;
				LD_RUNPATH_SEARCH_PATHS = "@executable_path/Frameworks";
				TARGETED_DEVICE_FAMILY = "1,2";
				PRODUCT_NAME = "Ciminelli Casa";
				LIBRARY_SEARCH_PATHS = (
					"$(inherited)",
					"\"$(SRCROOT)/Ciminelli Casa/Plugins/phonegap-plugin-push/GCM/Libraries\"",
					"\"$(SRCROOT)/Ciminelli Casa/Plugins/phonegap-plugin-push/GCM/Libraries\"",
					"\"$(SRCROOT)/Ciminelli Casa/Plugins/phonegap-plugin-push/GCM/Libraries\"",
					"\"$(SRCROOT)/Ciminelli Casa/Plugins/phonegap-plugin-push/GCM/Libraries\"",
					"\"$(SRCROOT)/Ciminelli Casa/Plugins/phonegap-plugin-push/GCM/Libraries\"",
					"\"$(SRCROOT)/Ciminelli Casa/Plugins/phonegap-plugin-push/GCM/Libraries\"",
					"\"$(SRCROOT)/Ciminelli Casa/Plugins/phonegap-plugin-push/GCM/Libraries\"",
					"\"$(SRCROOT)/Ciminelli Casa/Plugins/phonegap-plugin-push/GCM/Libraries\"",
					"\"$(SRCROOT)/Ciminelli Casa/Plugins/phonegap-plugin-push/GCM/Libraries\"",
					"\"$(SRCROOT)/Ciminelli Casa/Plugins/phonegap-plugin-push/GCM/Libraries\"",
					"\"$(SRCROOT)/Ciminelli Casa/Plugins/phonegap-plugin-push/GCM/Libraries\"",
					"\"$(SRCROOT)/Ciminelli Casa/Plugins/phonegap-plugin-push/GCM/Libraries\"",
					"\"$(SRCROOT)/Ciminelli Casa/Plugins/phonegap-plugin-push/GCM/Libraries\"",
					"\"$(SRCROOT)/Ciminelli Casa/Plugins/phonegap-plugin-push/GCM/Libraries\"",
					"\"$(SRCROOT)/Ciminelli Casa/Plugins/phonegap-plugin-push/GCM/Libraries\"",
					"\"$(SRCROOT)/Ciminelli Casa/Plugins/phonegap-plugin-push/GCM/Libraries\"",
					"\"$(SRCROOT)/Ciminelli Casa/Plugins/phonegap-plugin-push/GCM/Libraries\"",
					"\"$(SRCROOT)/Ciminelli Casa/Plugins/phonegap-plugin-push/GCM/Libraries\"",
					"\"$(SRCROOT)/Ciminelli Casa/Plugins/phonegap-plugin-push/GCM/Libraries\"",
					"\"$(SRCROOT)/Ciminelli Casa/Plugins/phonegap-plugin-push/GCM/Libraries\"",
					"\"$(SRCROOT)/Ciminelli Casa/Plugins/phonegap-plugin-push/GCM/Libraries\"",
					"\"$(SRCROOT)/Ciminelli Casa/Plugins/phonegap-plugin-push/GCM/Libraries\"",
					"\"$(SRCROOT)/Ciminelli Casa/Plugins/phonegap-plugin-push/GCM/Libraries\"",
					"\"$(SRCROOT)/Ciminelli Casa/Plugins/phonegap-plugin-push/GCM/Libraries\"",
					"\"$(SRCROOT)/Ciminelli Casa/Plugins/phonegap-plugin-push/GCM/Libraries\"",
					"\"$(SRCROOT)/Ciminelli Casa/Plugins/phonegap-plugin-push/GCM/Libraries\"",
				);
			};
			name = Debug;
		};
		1D6058950D05DD3E006BFB54 /* Release */ = {
			isa = XCBuildConfiguration;
			baseConfigurationReference = 3047A5101AB8059700498E2A /* build-release.xcconfig */;
			buildSettings = {
				ALWAYS_SEARCH_USER_PATHS = NO;
				ASSETCATALOG_COMPILER_APPICON_NAME = AppIcon;
				ASSETCATALOG_COMPILER_LAUNCHIMAGE_NAME = LaunchImage;
				CLANG_ENABLE_MODULES = YES;
				CLANG_ENABLE_OBJC_ARC = YES;
				COPY_PHASE_STRIP = YES;
				GCC_PRECOMPILE_PREFIX_HEADER = YES;
				GCC_PREFIX_HEADER = "Ciminelli Casa/Ciminelli Casa-Prefix.pch";
				GCC_THUMB_SUPPORT = NO;
				GCC_VERSION = "";
				INFOPLIST_FILE = "Ciminelli Casa/Ciminelli Casa-Info.plist";
				IPHONEOS_DEPLOYMENT_TARGET = 8.0;
				LD_RUNPATH_SEARCH_PATHS = "@executable_path/Frameworks";
				TARGETED_DEVICE_FAMILY = "1,2";
				PRODUCT_NAME = "Ciminelli Casa";
				LIBRARY_SEARCH_PATHS = (
					"$(inherited)",
					"\"$(SRCROOT)/Ciminelli Casa/Plugins/phonegap-plugin-push/GCM/Libraries\"",
					"\"$(SRCROOT)/Ciminelli Casa/Plugins/phonegap-plugin-push/GCM/Libraries\"",
					"\"$(SRCROOT)/Ciminelli Casa/Plugins/phonegap-plugin-push/GCM/Libraries\"",
					"\"$(SRCROOT)/Ciminelli Casa/Plugins/phonegap-plugin-push/GCM/Libraries\"",
					"\"$(SRCROOT)/Ciminelli Casa/Plugins/phonegap-plugin-push/GCM/Libraries\"",
					"\"$(SRCROOT)/Ciminelli Casa/Plugins/phonegap-plugin-push/GCM/Libraries\"",
					"\"$(SRCROOT)/Ciminelli Casa/Plugins/phonegap-plugin-push/GCM/Libraries\"",
					"\"$(SRCROOT)/Ciminelli Casa/Plugins/phonegap-plugin-push/GCM/Libraries\"",
					"\"$(SRCROOT)/Ciminelli Casa/Plugins/phonegap-plugin-push/GCM/Libraries\"",
					"\"$(SRCROOT)/Ciminelli Casa/Plugins/phonegap-plugin-push/GCM/Libraries\"",
					"\"$(SRCROOT)/Ciminelli Casa/Plugins/phonegap-plugin-push/GCM/Libraries\"",
					"\"$(SRCROOT)/Ciminelli Casa/Plugins/phonegap-plugin-push/GCM/Libraries\"",
					"\"$(SRCROOT)/Ciminelli Casa/Plugins/phonegap-plugin-push/GCM/Libraries\"",
					"\"$(SRCROOT)/Ciminelli Casa/Plugins/phonegap-plugin-push/GCM/Libraries\"",
					"\"$(SRCROOT)/Ciminelli Casa/Plugins/phonegap-plugin-push/GCM/Libraries\"",
					"\"$(SRCROOT)/Ciminelli Casa/Plugins/phonegap-plugin-push/GCM/Libraries\"",
					"\"$(SRCROOT)/Ciminelli Casa/Plugins/phonegap-plugin-push/GCM/Libraries\"",
					"\"$(SRCROOT)/Ciminelli Casa/Plugins/phonegap-plugin-push/GCM/Libraries\"",
					"\"$(SRCROOT)/Ciminelli Casa/Plugins/phonegap-plugin-push/GCM/Libraries\"",
					"\"$(SRCROOT)/Ciminelli Casa/Plugins/phonegap-plugin-push/GCM/Libraries\"",
					"\"$(SRCROOT)/Ciminelli Casa/Plugins/phonegap-plugin-push/GCM/Libraries\"",
					"\"$(SRCROOT)/Ciminelli Casa/Plugins/phonegap-plugin-push/GCM/Libraries\"",
					"\"$(SRCROOT)/Ciminelli Casa/Plugins/phonegap-plugin-push/GCM/Libraries\"",
					"\"$(SRCROOT)/Ciminelli Casa/Plugins/phonegap-plugin-push/GCM/Libraries\"",
					"\"$(SRCROOT)/Ciminelli Casa/Plugins/phonegap-plugin-push/GCM/Libraries\"",
					"\"$(SRCROOT)/Ciminelli Casa/Plugins/phonegap-plugin-push/GCM/Libraries\"",
				);
			};
			name = Release;
		};
		C01FCF4F08A954540054247B /* Debug */ = {
			isa = XCBuildConfiguration;
			baseConfigurationReference = 3047A5111AB8059700498E2A /* build.xcconfig */;
			buildSettings = {
				CLANG_ENABLE_MODULES = YES;
				CLANG_ENABLE_OBJC_ARC = YES;
				CLANG_WARN_BOOL_CONVERSION = YES;
				CLANG_WARN_CONSTANT_CONVERSION = YES;
				CLANG_WARN_EMPTY_BODY = YES;
				CLANG_WARN_ENUM_CONVERSION = YES;
				CLANG_WARN_INT_CONVERSION = YES;
				CLANG_WARN__DUPLICATE_METHOD_MATCH = YES;
				GCC_C_LANGUAGE_STANDARD = c99;
				GCC_THUMB_SUPPORT = NO;
				GCC_VERSION = "";
				GCC_WARN_ABOUT_RETURN_TYPE = YES;
				GCC_WARN_UNDECLARED_SELECTOR = YES;
				GCC_WARN_UNINITIALIZED_AUTOS = YES;
				GCC_WARN_UNUSED_FUNCTION = YES;
				GCC_WARN_UNUSED_VARIABLE = YES;
				ONLY_ACTIVE_ARCH = YES;
				SDKROOT = iphoneos;
				SKIP_INSTALL = NO;
				TARGETED_DEVICE_FAMILY = "1,2";
				ASSETCATALOG_COMPILER_LAUNCHIMAGE_NAME = LaunchImage;
			};
			name = Debug;
		};
		C01FCF5008A954540054247B /* Release */ = {
			isa = XCBuildConfiguration;
			baseConfigurationReference = 3047A5111AB8059700498E2A /* build.xcconfig */;
			buildSettings = {
				CLANG_ENABLE_MODULES = YES;
				CLANG_ENABLE_OBJC_ARC = YES;
				CLANG_WARN_BOOL_CONVERSION = YES;
				CLANG_WARN_CONSTANT_CONVERSION = YES;
				CLANG_WARN_EMPTY_BODY = YES;
				CLANG_WARN_ENUM_CONVERSION = YES;
				CLANG_WARN_INT_CONVERSION = YES;
				CLANG_WARN__DUPLICATE_METHOD_MATCH = YES;
				GCC_C_LANGUAGE_STANDARD = c99;
				GCC_THUMB_SUPPORT = NO;
				GCC_VERSION = "";
				GCC_WARN_ABOUT_RETURN_TYPE = YES;
				GCC_WARN_UNDECLARED_SELECTOR = YES;
				GCC_WARN_UNINITIALIZED_AUTOS = YES;
				GCC_WARN_UNUSED_FUNCTION = YES;
				GCC_WARN_UNUSED_VARIABLE = YES;
				SDKROOT = iphoneos;
				SKIP_INSTALL = NO;
				TARGETED_DEVICE_FAMILY = "1,2";
				ASSETCATALOG_COMPILER_LAUNCHIMAGE_NAME = LaunchImage;
			};
			name = Release;
		};
/* End XCBuildConfiguration section */

/* Begin XCConfigurationList section */
		1D6058960D05DD3E006BFB54 /* Build configuration list for PBXNativeTarget "Ciminelli Casa" */ = {
			isa = XCConfigurationList;
			buildConfigurations = (
				1D6058940D05DD3E006BFB54 /* Debug */,
				1D6058950D05DD3E006BFB54 /* Release */,
			);
			defaultConfigurationIsVisible = 0;
			defaultConfigurationName = Release;
		};
		C01FCF4E08A954540054247B /* Build configuration list for PBXProject "__NON-CLI__" */ = {
			isa = XCConfigurationList;
			buildConfigurations = (
				C01FCF4F08A954540054247B /* Debug */,
				C01FCF5008A954540054247B /* Release */,
			);
			defaultConfigurationIsVisible = 0;
			defaultConfigurationName = Release;
		};
/* End XCConfigurationList section */
	};
	rootObject = 29B97313FDCFA39411CA2CEA /* Project object */;
}
